Microsoft Visual Studio Solution File, Format Version 9.00
# Visual Studio 2005
Project("{FAE04EC0-301F-11D3-BF4B-00C04F79EFBC}") = "Backend", "Backend.csproj", "{8AC4C6DE-BA30-4C8D-90A5-CA953E6C75E7}"
	ProjectSection(WebsiteProperties) = preProject
		Debug.AspNetCompiler.Debug = "True"
		Release.AspNetCompiler.Debug = "False"
	EndProjectSection
EndProject
Global
	GlobalSection(SolutionConfigurationPlatforms) = preSolution
		Debug|.NET = Debug|.NET
		Debug|Any CPU = Debug|Any CPU
		Debug|Mixed Platforms = Debug|Mixed Platforms
		Release|.NET = Release|.NET
		Release|Any CPU = Release|Any CPU
		Release|Mixed Platforms = Release|Mixed Platforms
	EndGlobalSection
	GlobalSection(ProjectConfigurationPlatforms) = postSolution
		{8AC4C6DE-BA30-4C8D-90A5-CA953E6C75E7}.Debug|Any CPU.ActiveCfg = Debug|Any CPU
		{8AC4C6DE-BA30-4C8D-90A5-CA953E6C75E7}.Debug|Any CPU.Build.0 = Debug|Any CPU
		{8AC4C6DE-BA30-4C8D-90A5-CA953E6C75E7}.Release|Any CPU.ActiveCfg = Release|Any CPU
		{8AC4C6DE-BA30-4C8D-90A5-CA953E6C75E7}.Release|Any CPU.Build.0 = Release|Any CPU
		{8AC4C6DE-BA30-4C8D-90A5-CA953E6C75E7}.Release|.NET.ActiveCfg = Release|Any CPU
		{8AC4C6DE-BA30-4C8D-90A5-CA953E6C75E7}.Release|Any CPU.ActiveCfg = Release|Any CPU
		{8AC4C6DE-BA30-4C8D-90A5-CA953E6C75E7}.Release|Any CPU.Build.0 = Release|Any CPU
		{8AC4C6DE-BA30-4C8D-90A5-CA953E6C75E7}.Release|Mixed Platforms.ActiveCfg = Release|Any CPU
		{8AC4C6DE-BA30-4C8D-90A5-CA953E6C75E7}.Release|Mixed Platforms.Build.0 = Release|Any CPU
	EndGlobalSection
	GlobalSection(SolutionProperties) = preSolution
		HideSolutionNode = FALSE
	EndGlobalSection
EndGlobal
